// !$*UTF8*$!
{
	archiveVersion = 1;
	classes = {
	};
	objectVersion = 77;
	objects = {

/* Begin PBXContainerItemProxy section */
		948BA4302DAD692100F7711D /* PBXContainerItemProxy */ = {
			isa = PBXContainerItemProxy;
			containerPortal = 948BA4152DAD691F00F7711D /* Project object */;
			proxyType = 1;
			remoteGlobalIDString = 948BA41C2DAD691F00F7711D;
			remoteInfo = KorzinkaGo;
		};
		948BA43A2DAD692100F7711D /* PBXContainerItemProxy */ = {
			isa = PBXContainerItemProxy;
			containerPortal = 948BA4152DAD691F00F7711D /* Project object */;
			proxyType = 1;
			remoteGlobalIDString = 948BA41C2DAD691F00F7711D;
			remoteInfo = KorzinkaGo;
		};
/* End PBXContainerItemProxy section */

/* Begin PBXFileReference section */
		948BA41D2DAD691F00F7711D /* KorzinkaGo.app */ = {isa = PBXFileReference; explicitFileType = wrapper.application; includeInIndex = 0; path = KorzinkaGo.app; sourceTree = BUILT_PRODUCTS_DIR; };
		948BA42F2DAD692100F7711D /* KorzinkaGoTests.xctest */ = {isa = PBXFileReference; explicitFileType = wrapper.cfbundle; includeInIndex = 0; path = KorzinkaGoTests.xctest; sourceTree = BUILT_PRODUCTS_DIR; };
		948BA4392DAD692100F7711D /* KorzinkaGoUITests.xctest */ = {isa = PBXFileReference; explicitFileType = wrapper.cfbundle; includeInIndex = 0; path = KorzinkaGoUITests.xctest; sourceTree = BUILT_PRODUCTS_DIR; };
/* End PBXFileReference section */

/* Begin PBXFileSystemSynchronizedRootGroup section */
		948BA41F2DAD691F00F7711D /* KorzinkaGo */ = {
			isa = PBXFileSystemSynchronizedRootGroup;
			path = KorzinkaGo;
			sourceTree = "<group>";
		};
		948BA4322DAD692100F7711D /* KorzinkaGoTests */ = {
			isa = PBXFileSystemSynchronizedRootGroup;
			path = KorzinkaGoTests;
			sourceTree = "<group>";
		};
		948BA43C2DAD692100F7711D /* KorzinkaGoUITests */ = {
			isa = PBXFileSystemSynchronizedRootGroup;
			path = KorzinkaGoUITests;
			sourceTree = "<group>";
		};
/* End PBXFileSystemSynchronizedRootGroup section */

/* Begin PBXFrameworksBuildPhase section */
		948BA41A2DAD691F00F7711D /* Frameworks */ = {
			isa = PBXFrameworksBuildPhase;
			buildActionMask = 2147483647;
			files = (
			);
			runOnlyForDeploymentPostprocessing = 0;
		};
		948BA42C2DAD692100F7711D /* Frameworks */ = {
			isa = PBXFrameworksBuildPhase;
			buildActionMask = 2147483647;
			files = (
			);
			runOnlyForDeploymentPostprocessing = 0;
		};
		948BA4362DAD692100F7711D /* Frameworks */ = {
			isa = PBXFrameworksBuildPhase;
			buildActionMask = 2147483647;
			files = (
			);
			runOnlyForDeploymentPostprocessing = 0;
		};
/* End PBXFrameworksBuildPhase section */

/* Begin PBXGroup section */
		948BA4142DAD691F00F7711D = {
			isa = PBXGroup;
			children = (
				948BA41F2DAD691F00F7711D /* KorzinkaGo */,
				948BA4322DAD692100F7711D /* KorzinkaGoTests */,
				948BA43C2DAD692100F7711D /* KorzinkaGoUITests */,
				948BA41E2DAD691F00F7711D /* Products */,
			);
			sourceTree = "<group>";
		};
		948BA41E2DAD691F00F7711D /* Products */ = {
			isa = PBXGroup;
			children = (
				948BA41D2DAD691F00F7711D /* KorzinkaGo.app */,
				948BA42F2DAD692100F7711D /* KorzinkaGoTests.xctest */,
				948BA4392DAD692100F7711D /* KorzinkaGoUITests.xctest */,
			);
			name = Products;
			sourceTree = "<group>";
		};
/* End PBXGroup section */

/* Begin PBXNativeTarget section */
		948BA41C2DAD691F00F7711D /* KorzinkaGo */ = {
			isa = PBXNativeTarget;
			buildConfigurationList = 948BA4432DAD692100F7711D /* Build configuration list for PBXNativeTarget "KorzinkaGo" */;
			buildPhases = (
				948BA4192DAD691F00F7711D /* Sources */,
				948BA41A2DAD691F00F7711D /* Frameworks */,
				948BA41B2DAD691F00F7711D /* Resources */,
			);
			buildRules = (
			);
			dependencies = (
			);
			fileSystemSynchronizedGroups = (
				948BA41F2DAD691F00F7711D /* KorzinkaGo */,
			);
			name = KorzinkaGo;
			packageProductDependencies = (
			);
			productName = KorzinkaGo;
			productReference = 948BA41D2DAD691F00F7711D /* KorzinkaGo.app */;
			productType = "com.apple.product-type.application";
		};
		948BA42E2DAD692100F7711D /* KorzinkaGoTests */ = {
			isa = PBXNativeTarget;
			buildConfigurationList = 948BA4462DAD692100F7711D /* Build configuration list for PBXNativeTarget "KorzinkaGoTests" */;
			buildPhases = (
				948BA42B2DAD692100F7711D /* Sources */,
				948BA42C2DAD692100F7711D /* Frameworks */,
				948BA42D2DAD692100F7711D /* Resources */,
			);
			buildRules = (
			);
			dependencies = (
				948BA4312DAD692100F7711D /* PBXTargetDependency */,
			);
			fileSystemSynchronizedGroups = (
				948BA4322DAD692100F7711D /* KorzinkaGoTests */,
			);
			name = KorzinkaGoTests;
			packageProductDependencies = (
			);
			productName = KorzinkaGoTests;
			productReference = 948BA42F2DAD692100F7711D /* KorzinkaGoTests.xctest */;
			productType = "com.apple.product-type.bundle.unit-test";
		};
		948BA4382DAD692100F7711D /* KorzinkaGoUITests */ = {
			isa = PBXNativeTarget;
			buildConfigurationList = 948BA4492DAD692100F7711D /* Build configuration list for PBXNativeTarget "KorzinkaGoUITests" */;
			buildPhases = (
				948BA4352DAD692100F7711D /* Sources */,
				948BA4362DAD692100F7711D /* Frameworks */,
				948BA4372DAD692100F7711D /* Resources */,
			);
			buildRules = (
			);
			dependencies = (
				948BA43B2DAD692100F7711D /* PBXTargetDependency */,
			);
			fileSystemSynchronizedGroups = (
				948BA43C2DAD692100F7711D /* KorzinkaGoUITests */,
			);
			name = KorzinkaGoUITests;
			packageProductDependencies = (
			);
			productName = KorzinkaGoUITests;
			productReference = 948BA4392DAD692100F7711D /* KorzinkaGoUITests.xctest */;
			productType = "com.apple.product-type.bundle.ui-testing";
		};
/* End PBXNativeTarget section */

/* Begin PBXProject section */
		948BA4152DAD691F00F7711D /* Project object */ = {
			isa = PBXProject;
			attributes = {
				BuildIndependentTargetsInParallel = 1;
				LastSwiftUpdateCheck = 1620;
				LastUpgradeCheck = 1620;
				TargetAttributes = {
					948BA41C2DAD691F00F7711D = {
						CreatedOnToolsVersion = 16.2;
					};
					948BA42E2DAD692100F7711D = {
						CreatedOnToolsVersion = 16.2;
						TestTargetID = 948BA41C2DAD691F00F7711D;
					};
					948BA4382DAD692100F7711D = {
						CreatedOnToolsVersion = 16.2;
						TestTargetID = 948BA41C2DAD691F00F7711D;
					};
				};
			};
			buildConfigurationList = 948BA4182DAD691F00F7711D /* Build configuration list for PBXProject "KorzinkaGo" */;
			developmentRegion = en;
			hasScannedForEncodings = 0;
			knownRegions = (
				en,
				Base,
			);
			mainGroup = 948BA4142DAD691F00F7711D;
			minimizedProjectReferenceProxies = 1;
			preferredProjectObjectVersion = 77;
			productRefGroup = 948BA41E2DAD691F00F7711D /* Products */;
			projectDirPath = "";
			projectRoot = "";
			targets = (
				948BA41C2DAD691F00F7711D /* KorzinkaGo */,
				948BA42E2DAD692100F7711D /* KorzinkaGoTests */,
				948BA4382DAD692100F7711D /* KorzinkaGoUITests */,
			);
		};
/* End PBXProject section */

/* Begin PBXResourcesBuildPhase section */
		948BA41B2DAD691F00F7711D /* Resources */ = {
			isa = PBXResourcesBuildPhase;
			buildActionMask = 2147483647;
			files = (
			);
			runOnlyForDeploymentPostprocessing = 0;
		};
		948BA42D2DAD692100F7711D /* Resources */ = {
			isa = PBXResourcesBuildPhase;
			buildActionMask = 2147483647;
			files = (
			);
			runOnlyForDeploymentPostprocessing = 0;
		};
		948BA4372DAD692100F7711D /* Resources */ = {
			isa = PBXResourcesBuildPhase;
			buildActionMask = 2147483647;
			files = (
			);
			runOnlyForDeploymentPostprocessing = 0;
		};
/* End PBXResourcesBuildPhase section */

/* Begin PBXSourcesBuildPhase section */
		948BA4192DAD691F00F7711D /* Sources */ = {
			isa = PBXSourcesBuildPhase;
			buildActionMask = 2147483647;
			files = (
			);
			runOnlyForDeploymentPostprocessing = 0;
		};
		948BA42B2DAD692100F7711D /* Sources */ = {
			isa = PBXSourcesBuildPhase;
			buildActionMask = 2147483647;
			files = (
			);
			runOnlyForDeploymentPostprocessing = 0;
		};
		948BA4352DAD692100F7711D /* Sources */ = {
			isa = PBXSourcesBuildPhase;
			buildActionMask = 2147483647;
			files = (
			);
			runOnlyForDeploymentPostprocessing = 0;
		};
/* End PBXSourcesBuildPhase section */

/* Begin PBXTargetDependency section */
		948BA4312DAD692100F7711D /* PBXTargetDependency */ = {
			isa = PBXTargetDependency;
			target = 948BA41C2DAD691F00F7711D /* KorzinkaGo */;
			targetProxy = 948BA4302DAD692100F7711D /* PBXContainerItemProxy */;
		};
		948BA43B2DAD692100F7711D /* PBXTargetDependency */ = {
			isa = PBXTargetDependency;
			target = 948BA41C2DAD691F00F7711D /* KorzinkaGo */;
			targetProxy = 948BA43A2DAD692100F7711D /* PBXContainerItemProxy */;
		};
/* End PBXTargetDependency section */

/* Begin XCBuildConfiguration section */
		948BA4412DAD692100F7711D /* Debug */ = {
			isa = XCBuildConfiguration;
			buildSettings = {
				ALWAYS_SEARCH_USER_PATHS = NO;
				ASSETCATALOG_COMPILER_GENERATE_SWIFT_ASSET_SYMBOL_EXTENSIONS = YES;
				CLANG_ANALYZER_NONNULL = YES;
				CLANG_ANALYZER_NUMBER_OBJECT_CONVERSION = YES_AGGRESSIVE;
				CLANG_CXX_LANGUAGE_STANDARD = "gnu++20";
				CLANG_ENABLE_MODULES = YES;
				CLANG_ENABLE_OBJC_ARC = YES;
				CLANG_ENABLE_OBJC_WEAK = YES;
				CLANG_WARN_BLOCK_CAPTURE_AUTORELEASING = YES;
				CLANG_WARN_BOOL_CONVERSION = YES;
				CLANG_WARN_COMMA = YES;
				CLANG_WARN_CONSTANT_CONVERSION = YES;
				CLANG_WARN_DEPRECATED_OBJC_IMPLEMENTATIONS = YES;
				CLANG_WARN_DIRECT_OBJC_ISA_USAGE = YES_ERROR;
				CLANG_WARN_DOCUMENTATION_COMMENTS = YES;
				CLANG_WARN_EMPTY_BODY = YES;
				CLANG_WARN_ENUM_CONVERSION = YES;
				CLANG_WARN_INFINITE_RECURSION = YES;
				CLANG_WARN_INT_CONVERSION = YES;
				CLANG_WARN_NON_LITERAL_NULL_CONVERSION = YES;
				CLANG_WARN_OBJC_IMPLICIT_RETAIN_SELF = YES;
				CLANG_WARN_OBJC_LITERAL_CONVERSION = YES;
				CLANG_WARN_OBJC_ROOT_CLASS = YES_ERROR;
				CLANG_WARN_QUOTED_INCLUDE_IN_FRAMEWORK_HEADER = YES;
				CLANG_WARN_RANGE_LOOP_ANALYSIS = YES;
				CLANG_WARN_STRICT_PROTOTYPES = YES;
				CLANG_WARN_SUSPICIOUS_MOVE = YES;
				CLANG_WARN_UNGUARDED_AVAILABILITY = YES_AGGRESSIVE;
				CLANG_WARN_UNREACHABLE_CODE = YES;
				CLANG_WARN__DUPLICATE_METHOD_MATCH = YES;
				COPY_PHASE_STRIP = NO;
				DEBUG_INFORMATION_FORMAT = dwarf;
				ENABLE_STRICT_OBJC_MSGSEND = YES;
				ENABLE_TESTABILITY = YES;
				ENABLE_USER_SCRIPT_SANDBOXING = YES;
				GCC_C_LANGUAGE_STANDARD = gnu17;
				GCC_DYNAMIC_NO_PIC = NO;
				GCC_NO_COMMON_BLOCKS = YES;
				GCC_OPTIMIZATION_LEVEL = 0;
				GCC_PREPROCESSOR_DEFINITIONS = (
					"DEBUG=1",
					"$(inherited)",
				);
				GCC_WARN_64_TO_32_BIT_CONVERSION = YES;
				GCC_WARN_ABOUT_RETURN_TYPE = YES_ERROR;
				GCC_WARN_UNDECLARED_SELECTOR = YES;
				GCC_WARN_UNINITIALIZED_AUTOS = YES_AGGRESSIVE;
				GCC_WARN_UNUSED_FUNCTION = YES;
				GCC_WARN_UNUSED_VARIABLE = YES;
				IPHONEOS_DEPLOYMENT_TARGET = 18.2;
				LOCALIZATION_PREFERS_STRING_CATALOGS = YES;
				MTL_ENABLE_DEBUG_INFO = INCLUDE_SOURCE;
				MTL_FAST_MATH = YES;
				ONLY_ACTIVE_ARCH = YES;
				SDKROOT = iphoneos;
				SWIFT_ACTIVE_COMPILATION_CONDITIONS = "DEBUG $(inherited)";
				SWIFT_OPTIMIZATION_LEVEL = "-Onone";
			};
			name = Debug;
		};
		948BA4422DAD692100F7711D /* Release */ = {
			isa = XCBuildConfiguration;
			buildSettings = {
				ALWAYS_SEARCH_USER_PATHS = NO;
				ASSETCATALOG_COMPILER_GENERATE_SWIFT_ASSET_SYMBOL_EXTENSIONS = YES;
				CLANG_ANALYZER_NONNULL = YES;
				CLANG_ANALYZER_NUMBER_OBJECT_CONVERSION = YES_AGGRESSIVE;
				CLANG_CXX_LANGUAGE_STANDARD = "gnu++20";
				CLANG_ENABLE_MODULES = YES;
				CLANG_ENABLE_OBJC_ARC = YES;
				CLANG_ENABLE_OBJC_WEAK = YES;
				CLANG_WARN_BLOCK_CAPTURE_AUTORELEASING = YES;
				CLANG_WARN_BOOL_CONVERSION = YES;
				CLANG_WARN_COMMA = YES;
				CLANG_WARN_CONSTANT_CONVERSION = YES;
				CLANG_WARN_DEPRECATED_OBJC_IMPLEMENTATIONS = YES;
				CLANG_WARN_DIRECT_OBJC_ISA_USAGE = YES_ERROR;
				CLANG_WARN_DOCUMENTATION_COMMENTS = YES;
				CLANG_WARN_EMPTY_BODY = YES;
				CLANG_WARN_ENUM_CONVERSION = YES;
				CLANG_WARN_INFINITE_RECURSION = YES;
				CLANG_WARN_INT_CONVERSION = YES;
				CLANG_WARN_NON_LITERAL_NULL_CONVERSION = YES;
				CLANG_WARN_OBJC_IMPLICIT_RETAIN_SELF = YES;
				CLANG_WARN_OBJC_LITERAL_CONVERSION = YES;
				CLANG_WARN_OBJC_ROOT_CLASS = YES_ERROR;
				CLANG_WARN_QUOTED_INCLUDE_IN_FRAMEWORK_HEADER = YES;
				CLANG_WARN_RANGE_LOOP_ANALYSIS = YES;
				CLANG_WARN_STRICT_PROTOTYPES = YES;
				CLANG_WARN_SUSPICIOUS_MOVE = YES;
				CLANG_WARN_UNGUARDED_AVAILABILITY = YES_AGGRESSIVE;
				CLANG_WARN_UNREACHABLE_CODE = YES;
				CLANG_WARN__DUPLICATE_METHOD_MATCH = YES;
				COPY_PHASE_STRIP = NO;
				DEBUG_INFORMATION_FORMAT = "dwarf-with-dsym";
				ENABLE_NS_ASSERTIONS = NO;
				ENABLE_STRICT_OBJC_MSGSEND = YES;
				ENABLE_USER_SCRIPT_SANDBOXING = YES;
				GCC_C_LANGUAGE_STANDARD = gnu17;
				GCC_NO_COMMON_BLOCKS = YES;
				GCC_WARN_64_TO_32_BIT_CONVERSION = YES;
				GCC_WARN_ABOUT_RETURN_TYPE = YES_ERROR;
				GCC_WARN_UNDECLARED_SELECTOR = YES;
				GCC_WARN_UNINITIALIZED_AUTOS = YES_AGGRESSIVE;
				GCC_WARN_UNUSED_FUNCTION = YES;
				GCC_WARN_UNUSED_VARIABLE = YES;
				IPHONEOS_DEPLOYMENT_TARGET = 18.2;
				LOCALIZATION_PREFERS_STRING_CATALOGS = YES;
				MTL_ENABLE_DEBUG_INFO = NO;
				MTL_FAST_MATH = YES;
				SDKROOT = iphoneos;
				SWIFT_COMPILATION_MODE = wholemodule;
				VALIDATE_PRODUCT = YES;
			};
			name = Release;
		};
		948BA4442DAD692100F7711D /* Debug */ = {
			isa = XCBuildConfiguration;
			buildSettings = {
				ASSETCATALOG_COMPILER_APPICON_NAME = AppIcon;
				ASSETCATALOG_COMPILER_GLOBAL_ACCENT_COLOR_NAME = AccentColor;
				CODE_SIGN_STYLE = Automatic;
				CURRENT_PROJECT_VERSION = 1;
				DEVELOPMENT_ASSET_PATHS = "\"KorzinkaGo/Preview Content\"";
				ENABLE_PREVIEWS = YES;
				GENERATE_INFOPLIST_FILE = YES;
				INFOPLIST_KEY_UIApplicationSceneManifest_Generation = YES;
				INFOPLIST_KEY_UIApplicationSupportsIndirectInputEvents = YES;
				INFOPLIST_KEY_UILaunchScreen_Generation = YES;
				INFOPLIST_KEY_UISupportedInterfaceOrientations_iPad = "UIInterfaceOrientationPortrait UIInterfaceOrientationPortraitUpsideDown UIInterfaceOrientationLandscapeLeft UIInterfaceOrientationLandscapeRight";
				INFOPLIST_KEY_UISupportedInterfaceOrientations_iPhone = "UIInterfaceOrientationPortrait UIInterfaceOrientationLandscapeLeft UIInterfaceOrientationLandscapeRight";
				LD_RUNPATH_SEARCH_PATHS = (
					"$(inherited)",
					"@executable_path/Frameworks",
				);
				MARKETING_VERSION = 1.0;
				PRODUCT_BUNDLE_IDENTIFIER = "Self-Employed.KorzinkaGo";
				PRODUCT_NAME = "$(TARGET_NAME)";
				SWIFT_EMIT_LOC_STRINGS = YES;
				SWIFT_VERSION = 5.0;
				TARGETED_DEVICE_FAMILY = "1,2";
			};
			name = Debug;
		};
		948BA4452DAD692100F7711D /* Release */ = {
			isa = XCBuildConfiguration;
			buildSettings = {
				ASSETCATALOG_COMPILER_APPICON_NAME = AppIcon;
				ASSETCATALOG_COMPILER_GLOBAL_ACCENT_COLOR_NAME = AccentColor;
				CODE_SIGN_STYLE = Automatic;
				CURRENT_PROJECT_VERSION = 1;
				DEVELOPMENT_ASSET_PATHS = "\"KorzinkaGo/Preview Content\"";
				ENABLE_PREVIEWS = YES;
				GENERATE_INFOPLIST_FILE = YES;
				INFOPLIST_KEY_UIApplicationSceneManifest_Generation = YES;
				INFOPLIST_KEY_UIApplicationSupportsIndirectInputEvents = YES;
				INFOPLIST_KEY_UILaunchScreen_Generation = YES;
				INFOPLIST_KEY_UISupportedInterfaceOrientations_iPad = "UIInterfaceOrientationPortrait UIInterfaceOrientationPortraitUpsideDown UIInterfaceOrientationLandscapeLeft UIInterfaceOrientationLandscapeRight";
				INFOPLIST_KEY_UISupportedInterfaceOrientations_iPhone = "UIInterfaceOrientationPortrait UIInterfaceOrientationLandscapeLeft UIInterfaceOrientationLandscapeRight";
				LD_RUNPATH_SEARCH_PATHS = (
					"$(inherited)",
					"@executable_path/Frameworks",
				);
				MARKETING_VERSION = 1.0;
				PRODUCT_BUNDLE_IDENTIFIER = "Self-Employed.KorzinkaGo";
				PRODUCT_NAME = "$(TARGET_NAME)";
				SWIFT_EMIT_LOC_STRINGS = YES;
				SWIFT_VERSION = 5.0;
				TARGETED_DEVICE_FAMILY = "1,2";
			};
			name = Release;
		};
		948BA4472DAD692100F7711D /* Debug */ = {
			isa = XCBuildConfiguration;
			buildSettings = {
				BUNDLE_LOADER = "$(TEST_HOST)";
				CODE_SIGN_STYLE = Automatic;
				CURRENT_PROJECT_VERSION = 1;
				GENERATE_INFOPLIST_FILE = YES;
				IPHONEOS_DEPLOYMENT_TARGET = 18.2;
				MARKETING_VERSION = 1.0;
				PRODUCT_BUNDLE_IDENTIFIER = "Self-Employed.KorzinkaGoTests";
				PRODUCT_NAME = "$(TARGET_NAME)";
				SWIFT_EMIT_LOC_STRINGS = NO;
				SWIFT_VERSION = 5.0;
				TARGETED_DEVICE_FAMILY = "1,2";
				TEST_HOST = "$(BUILT_PRODUCTS_DIR)/KorzinkaGo.app/$(BUNDLE_EXECUTABLE_FOLDER_PATH)/KorzinkaGo";
			};
			name = Debug;
		};
		948BA4482DAD692100F7711D /* Release */ = {
			isa = XCBuildConfiguration;
			buildSettings = {
				BUNDLE_LOADER = "$(TEST_HOST)";
				CODE_SIGN_STYLE = Automatic;
				CURRENT_PROJECT_VERSION = 1;
				GENERATE_INFOPLIST_FILE = YES;
				IPHONEOS_DEPLOYMENT_TARGET = 18.2;
				MARKETING_VERSION = 1.0;
				PRODUCT_BUNDLE_IDENTIFIER = "Self-Employed.KorzinkaGoTests";
				PRODUCT_NAME = "$(TARGET_NAME)";
				SWIFT_EMIT_LOC_STRINGS = NO;
				SWIFT_VERSION = 5.0;
				TARGETED_DEVICE_FAMILY = "1,2";
				TEST_HOST = "$(BUILT_PRODUCTS_DIR)/KorzinkaGo.app/$(BUNDLE_EXECUTABLE_FOLDER_PATH)/KorzinkaGo";
			};
			name = Release;
		};
		948BA44A2DAD692100F7711D /* Debug */ = {
			isa = XCBuildConfiguration;
			buildSettings = {
				CODE_SIGN_STYLE = Automatic;
				CURRENT_PROJECT_VERSION = 1;
				GENERATE_INFOPLIST_FILE = YES;
				MARKETING_VERSION = 1.0;
				PRODUCT_BUNDLE_IDENTIFIER = "Self-Employed.KorzinkaGoUITests";
				PRODUCT_NAME = "$(TARGET_NAME)";
				SWIFT_EMIT_LOC_STRINGS = NO;
				SWIFT_VERSION = 5.0;
				TARGETED_DEVICE_FAMILY = "1,2";
				TEST_TARGET_NAME = KorzinkaGo;
			};
			name = Debug;
		};
		948BA44B2DAD692100F7711D /* Release */ = {
			isa = XCBuildConfiguration;
			buildSettings = {
				CODE_SIGN_STYLE = Automatic;
				CURRENT_PROJECT_VERSION = 1;
				GENERATE_INFOPLIST_FILE = YES;
				MARKETING_VERSION = 1.0;
				PRODUCT_BUNDLE_IDENTIFIER = "Self-Employed.KorzinkaGoUITests";
				PRODUCT_NAME = "$(TARGET_NAME)";
				SWIFT_EMIT_LOC_STRINGS = NO;
				SWIFT_VERSION = 5.0;
				TARGETED_DEVICE_FAMILY = "1,2";
				TEST_TARGET_NAME = KorzinkaGo;
			};
			name = Release;
		};
/* End XCBuildConfiguration section */

/* Begin XCConfigurationList section */
		948BA4182DAD691F00F7711D /* Build configuration list for PBXProject "KorzinkaGo" */ = {
			isa = XCConfigurationList;
			buildConfigurations = (
				948BA4412DAD692100F7711D /* Debug */,
				948BA4422DAD692100F7711D /* Release */,
			);
			defaultConfigurationIsVisible = 0;
			defaultConfigurationName = Release;
		};
		948BA4432DAD692100F7711D /* Build configuration list for PBXNativeTarget "KorzinkaGo" */ = {
			isa = XCConfigurationList;
			buildConfigurations = (
				948BA4442DAD692100F7711D /* Debug */,
				948BA4452DAD692100F7711D /* Release */,
			);
			defaultConfigurationIsVisible = 0;
			defaultConfigurationName = Release;
		};
		948BA4462DAD692100F7711D /* Build configuration list for PBXNativeTarget "KorzinkaGoTests" */ = {
			isa = XCConfigurationList;
			buildConfigurations = (
				948BA4472DAD692100F7711D /* Debug */,
				948BA4482DAD692100F7711D /* Release */,
			);
			defaultConfigurationIsVisible = 0;
			defaultConfigurationName = Release;
		};
		948BA4492DAD692100F7711D /* Build configuration list for PBXNativeTarget "KorzinkaGoUITests" */ = {
			isa = XCConfigurationList;
			buildConfigurations = (
				948BA44A2DAD692100F7711D /* Debug */,
				948BA44B2DAD692100F7711D /* Release */,
			);
			defaultConfigurationIsVisible = 0;
			defaultConfigurationName = Release;
		};
/* End XCConfigurationList section */
	};
	rootObject = 948BA4152DAD691F00F7711D /* Project object */;
}
